
Microsoft Visual Studio Solution File, Format Version 12.00
# Visual Studio Version 17
VisualStudioVersion = 17.14.36915.13
MinimumVisualStudioVersion = 10.0.40219.1
Project("{2150E333-8FDC-42A3-9474-1A3956D46DE8}") = "src", "src", "{02EA681E-C7D8-13C7-8484-4AC65E1B71E8}"
EndProject
Project("{2150E333-8FDC-42A3-9474-1A3956D46DE8}") = "tests", "tests", "{01C07C2A-C8B8-4281-83D4-34016AC2A33F}"
EndProject
Project("{FAE04EC0-301F-11D3-BF4B-00C04F79EFBC}") = "SmartField.Domain", "SmartField.Domain\SmartField.Domain.csproj", "{7D981210-07D3-41AA-976F-4C162D927FA6}"
EndProject
Project("{FAE04EC0-301F-11D3-BF4B-00C04F79EFBC}") = "SmartField.Application", "SmartField.Application\SmartField.Application.csproj", "{2F4CC5F6-85D4-4F9C-B962-AA4F2A8CF57D}"
EndProject
Project("{FAE04EC0-301F-11D3-BF4B-00C04F79EFBC}") = "SmartField.Infrastructure", "SmartField.Infrastructure\SmartField.Infrastructure.csproj", "{51D7A1F4-7FDF-43F8-AD62-06476D937B1A}"
EndProject
Project("{FAE04EC0-301F-11D3-BF4B-00C04F79EFBC}") = "SmartField.Integrations.Primavera", "SmartField.Integrations.Primavera\SmartField.Integrations.Primavera.csproj", "{052F87BD-333F-4C9C-BA19-A9FEEC83C2F2}"
EndProject
Project("{FAE04EC0-301F-11D3-BF4B-00C04F79EFBC}") = "SmartField.Api", "SmartField.Api\SmartField.Api.csproj", "{FB21285A-4731-4AF7-8826-C62AC82FED00}"
EndProject
Project("{FAE04EC0-301F-11D3-BF4B-00C04F79EFBC}") = "SmartField.Client", "SmartField.Client\SmartField.Client.csproj", "{CF24C19F-431A-4F96-A83F-CBBC1A6C017D}"
EndProject
Project("{FAE04EC0-301F-11D3-BF4B-00C04F79EFBC}") = "SmartField.Domain.Tests", "SmartField.Domain.Tests\SmartField.Domain.Tests.csproj", "{E6831BE1-B163-4448-9754-96C94EC70F3B}"
EndProject
Project("{FAE04EC0-301F-11D3-BF4B-00C04F79EFBC}") = "SmartField.Application.Tests", "SmartField.Application.Tests\SmartField.Application.Tests.csproj", "{4DDC654B-304B-4A29-8289-E5CEA163A0D5}"
EndProject
Project("{FAE04EC0-301F-11D3-BF4B-00C04F79EFBC}") = "SmartField.Infrastructure.Tests", "SmartField.Infrastructure.Tests\SmartField.Infrastructure.Tests.csproj", "{9A14C9F5-4751-406A-BB42-4CB872FB9021}"
EndProject
Project("{FAE04EC0-301F-11D3-BF4B-00C04F79EFBC}") = "SmartField.Api.Tests", "SmartField.Api.Tests\SmartField.Api.Tests.csproj", "{73B6FF7F-10F5-4663-B13A-B4A10CB635DA}"
EndProject
Global
	GlobalSection(SolutionConfigurationPlatforms) = preSolution
		Debug|Any CPU = Debug|Any CPU
		Debug|x64 = Debug|x64
		Debug|x86 = Debug|x86
		Release|Any CPU = Release|Any CPU
		Release|x64 = Release|x64
		Release|x86 = Release|x86
	EndGlobalSection
	GlobalSection(ProjectConfigurationPlatforms) = postSolution
		{7D981210-07D3-41AA-976F-4C162D927FA6}.Debug|Any CPU.ActiveCfg = Debug|Any CPU
		{7D981210-07D3-41AA-976F-4C162D927FA6}.Debug|Any CPU.Build.0 = Debug|Any CPU
		{7D981210-07D3-41AA-976F-4C162D927FA6}.Debug|x64.ActiveCfg = Debug|Any CPU
		{7D981210-07D3-41AA-976F-4C162D927FA6}.Debug|x64.Build.0 = Debug|Any CPU
		{7D981210-07D3-41AA-976F-4C162D927FA6}.Debug|x86.ActiveCfg = Debug|Any CPU
		{7D981210-07D3-41AA-976F-4C162D927FA6}.Debug|x86.Build.0 = Debug|Any CPU
		{7D981210-07D3-41AA-976F-4C162D927FA6}.Release|Any CPU.ActiveCfg = Release|Any CPU
		{7D981210-07D3-41AA-976F-4C162D927FA6}.Release|Any CPU.Build.0 = Release|Any CPU
		{7D981210-07D3-41AA-976F-4C162D927FA6}.Release|x64.ActiveCfg = Release|Any CPU
		{7D981210-07D3-41AA-976F-4C162D927FA6}.Release|x64.Build.0 = Release|Any CPU
		{7D981210-07D3-41AA-976F-4C162D927FA6}.Release|x86.ActiveCfg = Release|Any CPU
		{7D981210-07D3-41AA-976F-4C162D927FA6}.Release|x86.Build.0 = Release|Any CPU
		{2F4CC5F6-85D4-4F9C-B962-AA4F2A8CF57D}.Debug|Any CPU.ActiveCfg = Debug|Any CPU
		{2F4CC5F6-85D4-4F9C-B962-AA4F2A8CF57D}.Debug|Any CPU.Build.0 = Debug|Any CPU
		{2F4CC5F6-85D4-4F9C-B962-AA4F2A8CF57D}.Debug|x64.ActiveCfg = Debug|Any CPU
		{2F4CC5F6-85D4-4F9C-B962-AA4F2A8CF57D}.Debug|x64.Build.0 = Debug|Any CPU
		{2F4CC5F6-85D4-4F9C-B962-AA4F2A8CF57D}.Debug|x86.ActiveCfg = Debug|Any CPU
		{2F4CC5F6-85D4-4F9C-B962-AA4F2A8CF57D}.Debug|x86.Build.0 = Debug|Any CPU
		{2F4CC5F6-85D4-4F9C-B962-AA4F2A8CF57D}.Release|Any CPU.ActiveCfg = Release|Any CPU
		{2F4CC5F6-85D4-4F9C-B962-AA4F2A8CF57D}.Release|Any CPU.Build.0 = Release|Any CPU
		{2F4CC5F6-85D4-4F9C-B962-AA4F2A8CF57D}.Release|x64.ActiveCfg = Release|Any CPU
		{2F4CC5F6-85D4-4F9C-B962-AA4F2A8CF57D}.Release|x64.Build.0 = Release|Any CPU
		{2F4CC5F6-85D4-4F9C-B962-AA4F2A8CF57D}.Release|x86.ActiveCfg = Release|Any CPU
		{2F4CC5F6-85D4-4F9C-B962-AA4F2A8CF57D}.Release|x86.Build.0 = Release|Any CPU
		{51D7A1F4-7FDF-43F8-AD62-06476D937B1A}.Debug|Any CPU.ActiveCfg = Debug|Any CPU
		{51D7A1F4-7FDF-43F8-AD62-06476D937B1A}.Debug|Any CPU.Build.0 = Debug|Any CPU
		{51D7A1F4-7FDF-43F8-AD62-06476D937B1A}.Debug|x64.ActiveCfg = Debug|Any CPU
		{51D7A1F4-7FDF-43F8-AD62-06476D937B1A}.Debug|x64.Build.0 = Debug|Any CPU
		{51D7A1F4-7FDF-43F8-AD62-06476D937B1A}.Debug|x86.ActiveCfg = Debug|Any CPU
		{51D7A1F4-7FDF-43F8-AD62-06476D937B1A}.Debug|x86.Build.0 = Debug|Any CPU
		{51D7A1F4-7FDF-43F8-AD62-06476D937B1A}.Release|Any CPU.ActiveCfg = Release|Any CPU
		{51D7A1F4-7FDF-43F8-AD62-06476D937B1A}.Release|Any CPU.Build.0 = Release|Any CPU
		{51D7A1F4-7FDF-43F8-AD62-06476D937B1A}.Release|x64.ActiveCfg = Release|Any CPU
		{51D7A1F4-7FDF-43F8-AD62-06476D937B1A}.Release|x64.Build.0 = Release|Any CPU
		{51D7A1F4-7FDF-43F8-AD62-06476D937B1A}.Release|x86.ActiveCfg = Release|Any CPU
		{51D7A1F4-7FDF-43F8-AD62-06476D937B1A}.Release|x86.Build.0 = Release|Any CPU
		{052F87BD-333F-4C9C-BA19-A9FEEC83C2F2}.Debug|Any CPU.ActiveCfg = Debug|Any CPU
		{052F87BD-333F-4C9C-BA19-A9FEEC83C2F2}.Debug|Any CPU.Build.0 = Debug|Any CPU
		{052F87BD-333F-4C9C-BA19-A9FEEC83C2F2}.Debug|x64.ActiveCfg = Debug|Any CPU
		{052F87BD-333F-4C9C-BA19-A9FEEC83C2F2}.Debug|x64.Build.0 = Debug|Any CPU
		{052F87BD-333F-4C9C-BA19-A9FEEC83C2F2}.Debug|x86.ActiveCfg = Debug|Any CPU
		{052F87BD-333F-4C9C-BA19-A9FEEC83C2F2}.Debug|x86.Build.0 = Debug|Any CPU
		{052F87BD-333F-4C9C-BA19-A9FEEC83C2F2}.Release|Any CPU.ActiveCfg = Release|Any CPU
		{052F87BD-333F-4C9C-BA19-A9FEEC83C2F2}.Release|Any CPU.Build.0 = Release|Any CPU
		{052F87BD-333F-4C9C-BA19-A9FEEC83C2F2}.Release|x64.ActiveCfg = Release|Any CPU
		{052F87BD-333F-4C9C-BA19-A9FEEC83C2F2}.Release|x64.Build.0 = Release|Any CPU
		{052F87BD-333F-4C9C-BA19-A9FEEC83C2F2}.Release|x86.ActiveCfg = Release|Any CPU
		{052F87BD-333F-4C9C-BA19-A9FEEC83C2F2}.Release|x86.Build.0 = Release|Any CPU
		{FB21285A-4731-4AF7-8826-C62AC82FED00}.Debug|Any CPU.ActiveCfg = Debug|Any CPU
		{FB21285A-4731-4AF7-8826-C62AC82FED00}.Debug|Any CPU.Build.0 = Debug|Any CPU
		{FB21285A-4731-4AF7-8826-C62AC82FED00}.Debug|x64.ActiveCfg = Debug|Any CPU
		{FB21285A-4731-4AF7-8826-C62AC82FED00}.Debug|x64.Build.0 = Debug|Any CPU
		{FB21285A-4731-4AF7-8826-C62AC82FED00}.Debug|x86.ActiveCfg = Debug|Any CPU
		{FB21285A-4731-4AF7-8826-C62AC82FED00}.Debug|x86.Build.0 = Debug|Any CPU
		{FB21285A-4731-4AF7-8826-C62AC82FED00}.Release|Any CPU.ActiveCfg = Release|Any CPU
		{FB21285A-4731-4AF7-8826-C62AC82FED00}.Release|Any CPU.Build.0 = Release|Any CPU
		{FB21285A-4731-4AF7-8826-C62AC82FED00}.Release|x64.ActiveCfg = Release|Any CPU
		{FB21285A-4731-4AF7-8826-C62AC82FED00}.Release|x64.Build.0 = Release|Any CPU
		{FB21285A-4731-4AF7-8826-C62AC82FED00}.Release|x86.ActiveCfg = Release|Any CPU
		{FB21285A-4731-4AF7-8826-C62AC82FED00}.Release|x86.Build.0 = Release|Any CPU
		{CF24C19F-431A-4F96-A83F-CBBC1A6C017D}.Debug|Any CPU.ActiveCfg = Debug|Any CPU
		{CF24C19F-431A-4F96-A83F-CBBC1A6C017D}.Debug|Any CPU.Build.0 = Debug|Any CPU
		{CF24C19F-431A-4F96-A83F-CBBC1A6C017D}.Debug|x64.ActiveCfg = Debug|Any CPU
		{CF24C19F-431A-4F96-A83F-CBBC1A6C017D}.Debug|x64.Build.0 = Debug|Any CPU
		{CF24C19F-431A-4F96-A83F-CBBC1A6C017D}.Debug|x86.ActiveCfg = Debug|Any CPU
		{CF24C19F-431A-4F96-A83F-CBBC1A6C017D}.Debug|x86.Build.0 = Debug|Any CPU
		{CF24C19F-431A-4F96-A83F-CBBC1A6C017D}.Release|Any CPU.ActiveCfg = Release|Any CPU
		{CF24C19F-431A-4F96-A83F-CBBC1A6C017D}.Release|Any CPU.Build.0 = Release|Any CPU
		{CF24C19F-431A-4F96-A83F-CBBC1A6C017D}.Release|x64.ActiveCfg = Release|Any CPU
		{CF24C19F-431A-4F96-A83F-CBBC1A6C017D}.Release|x64.Build.0 = Release|Any CPU
		{CF24C19F-431A-4F96-A83F-CBBC1A6C017D}.Release|x86.ActiveCfg = Release|Any CPU
		{CF24C19F-431A-4F96-A83F-CBBC1A6C017D}.Release|x86.Build.0 = Release|Any CPU
		{E6831BE1-B163-4448-9754-96C94EC70F3B}.Debug|Any CPU.ActiveCfg = Debug|Any CPU
		{E6831BE1-B163-4448-9754-96C94EC70F3B}.Debug|Any CPU.Build.0 = Debug|Any CPU
		{E6831BE1-B163-4448-9754-96C94EC70F3B}.Debug|x64.ActiveCfg = Debug|Any CPU
		{E6831BE1-B163-4448-9754-96C94EC70F3B}.Debug|x64.Build.0 = Debug|Any CPU
		{E6831BE1-B163-4448-9754-96C94EC70F3B}.Debug|x86.ActiveCfg = Debug|Any CPU
		{E6831BE1-B163-4448-9754-96C94EC70F3B}.Debug|x86.Build.0 = Debug|Any CPU
		{E6831BE1-B163-4448-9754-96C94EC70F3B}.Release|Any CPU.ActiveCfg = Release|Any CPU
		{E6831BE1-B163-4448-9754-96C94EC70F3B}.Release|Any CPU.Build.0 = Release|Any CPU
		{E6831BE1-B163-4448-9754-96C94EC70F3B}.Release|x64.ActiveCfg = Release|Any CPU
		{E6831BE1-B163-4448-9754-96C94EC70F3B}.Release|x64.Build.0 = Release|Any CPU
		{E6831BE1-B163-4448-9754-96C94EC70F3B}.Release|x86.ActiveCfg = Release|Any CPU
		{E6831BE1-B163-4448-9754-96C94EC70F3B}.Release|x86.Build.0 = Release|Any CPU
		{4DDC654B-304B-4A29-8289-E5CEA163A0D5}.Debug|Any CPU.ActiveCfg = Debug|Any CPU
		{4DDC654B-304B-4A29-8289-E5CEA163A0D5}.Debug|Any CPU.Build.0 = Debug|Any CPU
		{4DDC654B-304B-4A29-8289-E5CEA163A0D5}.Debug|x64.ActiveCfg = Debug|Any CPU
		{4DDC654B-304B-4A29-8289-E5CEA163A0D5}.Debug|x64.Build.0 = Debug|Any CPU
		{4DDC654B-304B-4A29-8289-E5CEA163A0D5}.Debug|x86.ActiveCfg = Debug|Any CPU
		{4DDC654B-304B-4A29-8289-E5CEA163A0D5}.Debug|x86.Build.0 = Debug|Any CPU
		{4DDC654B-304B-4A29-8289-E5CEA163A0D5}.Release|Any CPU.ActiveCfg = Release|Any CPU
		{4DDC654B-304B-4A29-8289-E5CEA163A0D5}.Release|Any CPU.Build.0 = Release|Any CPU
		{4DDC654B-304B-4A29-8289-E5CEA163A0D5}.Release|x64.ActiveCfg = Release|Any CPU
		{4DDC654B-304B-4A29-8289-E5CEA163A0D5}.Release|x64.Build.0 = Release|Any CPU
		{4DDC654B-304B-4A29-8289-E5CEA163A0D5}.Release|x86.ActiveCfg = Release|Any CPU
		{4DDC654B-304B-4A29-8289-E5CEA163A0D5}.Release|x86.Build.0 = Release|Any CPU
		{9A14C9F5-4751-406A-BB42-4CB872FB9021}.Debug|Any CPU.ActiveCfg = Debug|Any CPU
		{9A14C9F5-4751-406A-BB42-4CB872FB9021}.Debug|Any CPU.Build.0 = Debug|Any CPU
		{9A14C9F5-4751-406A-BB42-4CB872FB9021}.Debug|x64.ActiveCfg = Debug|Any CPU
		{9A14C9F5-4751-406A-BB42-4CB872FB9021}.Debug|x64.Build.0 = Debug|Any CPU
		{9A14C9F5-4751-406A-BB42-4CB872FB9021}.Debug|x86.ActiveCfg = Debug|Any CPU
		{9A14C9F5-4751-406A-BB42-4CB872FB9021}.Debug|x86.Build.0 = Debug|Any CPU
		{9A14C9F5-4751-406A-BB42-4CB872FB9021}.Release|Any CPU.ActiveCfg = Release|Any CPU
		{9A14C9F5-4751-406A-BB42-4CB872FB9021}.Release|Any CPU.Build.0 = Release|Any CPU
		{9A14C9F5-4751-406A-BB42-4CB872FB9021}.Release|x64.ActiveCfg = Release|Any CPU
		{9A14C9F5-4751-406A-BB42-4CB872FB9021}.Release|x64.Build.0 = Release|Any CPU
		{9A14C9F5-4751-406A-BB42-4CB872FB9021}.Release|x86.ActiveCfg = Release|Any CPU
		{9A14C9F5-4751-406A-BB42-4CB872FB9021}.Release|x86.Build.0 = Release|Any CPU
		{73B6FF7F-10F5-4663-B13A-B4A10CB635DA}.Debug|Any CPU.ActiveCfg = Debug|Any CPU
		{73B6FF7F-10F5-4663-B13A-B4A10CB635DA}.Debug|Any CPU.Build.0 = Debug|Any CPU
		{73B6FF7F-10F5-4663-B13A-B4A10CB635DA}.Debug|x64.ActiveCfg = Debug|Any CPU
		{73B6FF7F-10F5-4663-B13A-B4A10CB635DA}.Debug|x64.Build.0 = Debug|Any CPU
		{73B6FF7F-10F5-4663-B13A-B4A10CB635DA}.Debug|x86.ActiveCfg = Debug|Any CPU
		{73B6FF7F-10F5-4663-B13A-B4A10CB635DA}.Debug|x86.Build.0 = Debug|Any CPU
		{73B6FF7F-10F5-4663-B13A-B4A10CB635DA}.Release|Any CPU.ActiveCfg = Release|Any CPU
		{73B6FF7F-10F5-4663-B13A-B4A10CB635DA}.Release|Any CPU.Build.0 = Release|Any CPU
		{73B6FF7F-10F5-4663-B13A-B4A10CB635DA}.Release|x64.ActiveCfg = Release|Any CPU
		{73B6FF7F-10F5-4663-B13A-B4A10CB635DA}.Release|x64.Build.0 = Release|Any CPU
		{73B6FF7F-10F5-4663-B13A-B4A10CB635DA}.Release|x86.ActiveCfg = Release|Any CPU
		{73B6FF7F-10F5-4663-B13A-B4A10CB635DA}.Release|x86.Build.0 = Release|Any CPU
	EndGlobalSection
	GlobalSection(SolutionProperties) = preSolution
		HideSolutionNode = FALSE
	EndGlobalSection
	GlobalSection(NestedProjects) = preSolution
		{7D981210-07D3-41AA-976F-4C162D927FA6} = {02EA681E-C7D8-13C7-8484-4AC65E1B71E8}
		{2F4CC5F6-85D4-4F9C-B962-AA4F2A8CF57D} = {02EA681E-C7D8-13C7-8484-4AC65E1B71E8}
		{51D7A1F4-7FDF-43F8-AD62-06476D937B1A} = {02EA681E-C7D8-13C7-8484-4AC65E1B71E8}
		{052F87BD-333F-4C9C-BA19-A9FEEC83C2F2} = {02EA681E-C7D8-13C7-8484-4AC65E1B71E8}
		{FB21285A-4731-4AF7-8826-C62AC82FED00} = {02EA681E-C7D8-13C7-8484-4AC65E1B71E8}
		{CF24C19F-431A-4F96-A83F-CBBC1A6C017D} = {02EA681E-C7D8-13C7-8484-4AC65E1B71E8}
		{E6831BE1-B163-4448-9754-96C94EC70F3B} = {01C07C2A-C8B8-4281-83D4-34016AC2A33F}
		{4DDC654B-304B-4A29-8289-E5CEA163A0D5} = {01C07C2A-C8B8-4281-83D4-34016AC2A33F}
	EndGlobalSection
	GlobalSection(ExtensibilityGlobals) = postSolution
		SolutionGuid = {88CE18ED-A221-437A-89DD-BAF86E8CFA49}
	EndGlobalSection
EndGlobal
